// !$*UTF8*$!
{
	archiveVersion = 1;
	classes = {
	};
	objectVersion = 46;
	objects = {

/* Begin PBXBuildFile section */
		A57695031D3C7D43008347B4 /* AppDelegate.swift in Sources */ = {isa = PBXBuildFile; fileRef = A57695021D3C7D43008347B4 /* AppDelegate.swift */; };
		A57695051D3C7D43008347B4 /* ViewController.swift in Sources */ = {isa = PBXBuildFile; fileRef = A57695041D3C7D43008347B4 /* ViewController.swift */; };
		A57695081D3C7D43008347B4 /* Main.storyboard in Resources */ = {isa = PBXBuildFile; fileRef = A57695061D3C7D43008347B4 /* Main.storyboard */; };
		A576950B1D3C7D43008347B4 /* pruebaGit.xcdatamodeld in Sources */ = {isa = PBXBuildFile; fileRef = A57695091D3C7D43008347B4 /* pruebaGit.xcdatamodeld */; };
		A576950D1D3C7D43008347B4 /* Assets.xcassets in Resources */ = {isa = PBXBuildFile; fileRef = A576950C1D3C7D43008347B4 /* Assets.xcassets */; };
		A57695101D3C7D43008347B4 /* LaunchScreen.storyboard in Resources */ = {isa = PBXBuildFile; fileRef = A576950E1D3C7D43008347B4 /* LaunchScreen.storyboard */; };
/* End PBXBuildFile section */

/* Begin PBXFileReference section */
		A57694FF1D3C7D43008347B4 /* pruebaGit.app */ = {isa = PBXFileReference; explicitFileType = wrapper.application; includeInIndex = 0; path = pruebaGit.app; sourceTree = BUILT_PRODUCTS_DIR; };
		A57695021D3C7D43008347B4 /* AppDelegate.swift */ = {isa = PBXFileReference; lastKnownFileType = sourcecode.swift; path = AppDelegate.swift; sourceTree = "<group>"; };
		A57695041D3C7D43008347B4 /* ViewController.swift */ = {isa = PBXFileReference; lastKnownFileType = sourcecode.swift; path = ViewController.swift; sourceTree = "<group>"; };
		A57695071D3C7D43008347B4 /* Base */ = {isa = PBXFileReference; lastKnownFileType = file.storyboard; name = Base; path = Base.lproj/Main.storyboard; sourceTree = "<group>"; };
		A576950A1D3C7D43008347B4 /* pruebaGit.xcdatamodel */ = {isa = PBXFileReference; lastKnownFileType = wrapper.xcdatamodel; path = pruebaGit.xcdatamodel; sourceTree = "<group>"; };
		A576950C1D3C7D43008347B4 /* Assets.xcassets */ = {isa = PBXFileReference; lastKnownFileType = folder.assetcatalog; path = Assets.xcassets; sourceTree = "<group>"; };
		A576950F1D3C7D43008347B4 /* Base */ = {isa = PBXFileReference; lastKnownFileType = file.storyboard; name = Base; path = Base.lproj/LaunchScreen.storyboard; sourceTree = "<group>"; };
		A57695111D3C7D43008347B4 /* Info.plist */ = {isa = PBXFileReference; lastKnownFileType = text.plist.xml; path = Info.plist; sourceTree = "<group>"; };
/* End PBXFileReference section */

/* Begin PBXFrameworksBuildPhase section */
		A57694FC1D3C7D43008347B4 /* Frameworks */ = {
			isa = PBXFrameworksBuildPhase;
			buildActionMask = 2147483647;
			files = (
			);
			runOnlyForDeploymentPostprocessing = 0;
		};
/* End PBXFrameworksBuildPhase section */

/* Begin PBXGroup section */
		A57694F61D3C7D43008347B4 = {
			isa = PBXGroup;
			children = (
				A57695011D3C7D43008347B4 /* pruebaGit */,
				A57695001D3C7D43008347B4 /* Products */,
			);
			sourceTree = "<group>";
		};
		A57695001D3C7D43008347B4 /* Products */ = {
			isa = PBXGroup;
			children = (
				A57694FF1D3C7D43008347B4 /* pruebaGit.app */,
			);
			name = Products;
			sourceTree = "<group>";
		};
		A57695011D3C7D43008347B4 /* pruebaGit */ = {
			isa = PBXGroup;
			children = (
				A57695021D3C7D43008347B4 /* AppDelegate.swift */,
				A57695041D3C7D43008347B4 /* ViewController.swift */,
				A57695061D3C7D43008347B4 /* Main.storyboard */,
				A576950C1D3C7D43008347B4 /* Assets.xcassets */,
				A576950E1D3C7D43008347B4 /* LaunchScreen.storyboard */,
				A57695111D3C7D43008347B4 /* Info.plist */,
				A57695091D3C7D43008347B4 /* pruebaGit.xcdatamodeld */,
			);
			path = pruebaGit;
			sourceTree = "<group>";
		};
/* End PBXGroup section */

/* Begin PBXNativeTarget section */
		A57694FE1D3C7D43008347B4 /* pruebaGit */ = {
			isa = PBXNativeTarget;
			buildConfigurationList = A57695141D3C7D43008347B4 /* Build configuration list for PBXNativeTarget "pruebaGit" */;
			buildPhases = (
				A57694FB1D3C7D43008347B4 /* Sources */,
				A57694FC1D3C7D43008347B4 /* Frameworks */,
				A57694FD1D3C7D43008347B4 /* Resources */,
			);
			buildRules = (
			);
			dependencies = (
			);
			name = pruebaGit;
			productName = pruebaGit;
			productReference = A57694FF1D3C7D43008347B4 /* pruebaGit.app */;
			productType = "com.apple.product-type.application";
		};
/* End PBXNativeTarget section */

/* Begin PBXProject section */
		A57694F71D3C7D43008347B4 /* Project object */ = {
			isa = PBXProject;
			attributes = {
				LastSwiftUpdateCheck = 0730;
				LastUpgradeCheck = 0730;
				ORGANIZATIONNAME = "Wilmer Mendoza";
				TargetAttributes = {
					A57694FE1D3C7D43008347B4 = {
						CreatedOnToolsVersion = 7.3.1;
						DevelopmentTeam = 645UX58X3D;
					};
				};
			};
			buildConfigurationList = A57694FA1D3C7D43008347B4 /* Build configuration list for PBXProject "pruebaGit" */;
			compatibilityVersion = "Xcode 3.2";
			developmentRegion = English;
			hasScannedForEncodings = 0;
			knownRegions = (
				en,
				Base,
			);
			mainGroup = A57694F61D3C7D43008347B4;
			productRefGroup = A57695001D3C7D43008347B4 /* Products */;
			projectDirPath = "";
			projectRoot = "";
			targets = (
				A57694FE1D3C7D43008347B4 /* pruebaGit */,
			);
		};
/* End PBXProject section */

/* Begin PBXResourcesBuildPhase section */
		A57694FD1D3C7D43008347B4 /* Resources */ = {
			isa = PBXResourcesBuildPhase;
			buildActionMask = 2147483647;
			files = (
				A57695101D3C7D43008347B4 /* LaunchScreen.storyboard in Resources */,
				A576950D1D3C7D43008347B4 /* Assets.xcassets in Resources */,
				A57695081D3C7D43008347B4 /* Main.storyboard in Resources */,
			);
			runOnlyForDeploymentPostprocessing = 0;
		};
/* End PBXResourcesBuildPhase section */

/* Begin PBXSourcesBuildPhase section */
		A57694FB1D3C7D43008347B4 /* Sources */ = {
			isa = PBXSourcesBuildPhase;
			buildActionMask = 2147483647;
			files = (
				A57695051D3C7D43008347B4 /* ViewController.swift in Sources */,
				A57695031D3C7D43008347B4 /* AppDelegate.swift in Sources */,
				A576950B1D3C7D43008347B4 /* pruebaGit.xcdatamodeld in Sources */,
			);
			runOnlyForDeploymentPostprocessing = 0;
		};
/* End PBXSourcesBuildPhase section */

/* Begin PBXVariantGroup section */
		A57695061D3C7D43008347B4 /* Main.storyboard */ = {
			isa = PBXVariantGroup;
			children = (
				A57695071D3C7D43008347B4 /* Base */,
			);
			name = Main.storyboard;
			sourceTree = "<group>";
		};
		A576950E1D3C7D43008347B4 /* LaunchScreen.storyboard */ = {
			isa = PBXVariantGroup;
			children = (
				A576950F1D3C7D43008347B4 /* Base */,
			);
			name = LaunchScreen.storyboard;
			sourceTree = "<group>";
		};
/* End PBXVariantGroup section */

/* Begin XCBuildConfiguration section */
		A57695121D3C7D43008347B4 /* Debug */ = {
			isa = XCBuildConfiguration;
			buildSettings = {
				ALWAYS_SEARCH_USER_PATHS = NO;
				CLANG_ANALYZER_NONNULL = YES;
				CLANG_CXX_LANGUAGE_STANDARD = "gnu++0x";
				CLANG_CXX_LIBRARY = "libc++";
				CLANG_ENABLE_MODULES = YES;
				CLANG_ENABLE_OBJC_ARC = YES;
				CLANG_WARN_BOOL_CONVERSION = YES;
				CLANG_WARN_CONSTANT_CONVERSION = YES;
				CLANG_WARN_DIRECT_OBJC_ISA_USAGE = YES_ERROR;
				CLANG_WARN_EMPTY_BODY = YES;
				CLANG_WARN_ENUM_CONVERSION = YES;
				CLANG_WARN_INT_CONVERSION = YES;
				CLANG_WARN_OBJC_ROOT_CLASS = YES_ERROR;
				CLANG_WARN_UNREACHABLE_CODE = YES;
				CLANG_WARN__DUPLICATE_METHOD_MATCH = YES;
				"CODE_SIGN_IDENTITY[sdk=iphoneos*]" = "iPhone Developer";
				COPY_PHASE_STRIP = NO;
				DEBUG_INFORMATION_FORMAT = dwarf;
				ENABLE_STRICT_OBJC_MSGSEND = YES;
				ENABLE_TESTABILITY = YES;
				GCC_C_LANGUAGE_STANDARD = gnu99;
				GCC_DYNAMIC_NO_PIC = NO;
				GCC_NO_COMMON_BLOCKS = YES;
				GCC_OPTIMIZATION_LEVEL = 0;
				GCC_PREPROCESSOR_DEFINITIONS = (
					"DEBUG=1",
					"$(inherited)",
				);
				GCC_WARN_64_TO_32_BIT_CONVERSION = YES;
				GCC_WARN_ABOUT_RETURN_TYPE = YES_ERROR;
				GCC_WARN_UNDECLARED_SELECTOR = YES;
				GCC_WARN_UNINITIALIZED_AUTOS = YES_AGGRESSIVE;
				GCC_WARN_UNUSED_FUNCTION = YES;
				GCC_WARN_UNUSED_VARIABLE = YES;
				IPHONEOS_DEPLOYMENT_TARGET = 9.3;
				MTL_ENABLE_DEBUG_INFO = YES;
				ONLY_ACTIVE_ARCH = YES;
				SDKROOT = iphoneos;
				SWIFT_OPTIMIZATION_LEVEL = "-Onone";
			};
			name = Debug;
		};
		A57695131D3C7D43008347B4 /* Release */ = {
			isa = XCBuildConfiguration;
			buildSettings = {
				ALWAYS_SEARCH_USER_PATHS = NO;
				CLANG_ANALYZER_NONNULL = YES;
				CLANG_CXX_LANGUAGE_STANDARD = "gnu++0x";
				CLANG_CXX_LIBRARY = "libc++";
				CLANG_ENABLE_MODULES = YES;
				CLANG_ENABLE_OBJC_ARC = YES;
				CLANG_WARN_BOOL_CONVERSION = YES;
				CLANG_WARN_CONSTANT_CONVERSION = YES;
				CLANG_WARN_DIRECT_OBJC_ISA_USAGE = YES_ERROR;
				CLANG_WARN_EMPTY_BODY = YES;
				CLANG_WARN_ENUM_CONVERSION = YES;
				CLANG_WARN_INT_CONVERSION = YES;
				CLANG_WARN_OBJC_ROOT_CLASS = YES_ERROR;
				CLANG_WARN_UNREACHABLE_CODE = YES;
				CLANG_WARN__DUPLICATE_METHOD_MATCH = YES;
				"CODE_SIGN_IDENTITY[sdk=iphoneos*]" = "iPhone Developer";
				COPY_PHASE_STRIP = NO;
				DEBUG_INFORMATION_FORMAT = "dwarf-with-dsym";
				ENABLE_NS_ASSERTIONS = NO;
				ENABLE_STRICT_OBJC_MSGSEND = YES;
				GCC_C_LANGUAGE_STANDARD = gnu99;
				GCC_NO_COMMON_BLOCKS = YES;
				GCC_WARN_64_TO_32_BIT_CONVERSION = YES;
				GCC_WARN_ABOUT_RETURN_TYPE = YES_ERROR;
				GCC_WARN_UNDECLARED_SELECTOR = YES;
				GCC_WARN_UNINITIALIZED_AUTOS = YES_AGGRESSIVE;
				GCC_WARN_UNUSED_FUNCTION = YES;
				GCC_WARN_UNUSED_VARIABLE = YES;
				IPHONEOS_DEPLOYMENT_TARGET = 9.3;
				MTL_ENABLE_DEBUG_INFO = NO;
				SDKROOT = iphoneos;
				VALIDATE_PRODUCT = YES;
			};
			name = Release;
		};
		A57695151D3C7D43008347B4 /* Debug */ = {
			isa = XCBuildConfiguration;
			buildSettings = {
				ASSETCATALOG_COMPILER_APPICON_NAME = AppIcon;
				INFOPLIST_FILE = pruebaGit/Info.plist;
				LD_RUNPATH_SEARCH_PATHS = "$(inherited) @executable_path/Frameworks";
				PRODUCT_BUNDLE_IDENTIFIER = "com.wilmer.-.pruebaGit";
				PRODUCT_NAME = "$(TARGET_NAME)";
			};
			name = Debug;
		};
		A57695161D3C7D43008347B4 /* Release */ = {
			isa = XCBuildConfiguration;
			buildSettings = {
				ASSETCATALOG_COMPILER_APPICON_NAME = AppIcon;
				INFOPLIST_FILE = pruebaGit/Info.plist;
				LD_RUNPATH_SEARCH_PATHS = "$(inherited) @executable_path/Frameworks";
				PRODUCT_BUNDLE_IDENTIFIER = "com.wilmer.-.pruebaGit";
				PRODUCT_NAME = "$(TARGET_NAME)";
			};
			name = Release;
		};
/* End XCBuildConfiguration section */

/* Begin XCConfigurationList section */
		A57694FA1D3C7D43008347B4 /* Build configuration list for PBXProject "pruebaGit" */ = {
			isa = XCConfigurationList;
			buildConfigurations = (
				A57695121D3C7D43008347B4 /* Debug */,
				A57695131D3C7D43008347B4 /* Release */,
			);
			defaultConfigurationIsVisible = 0;
			defaultConfigurationName = Release;
		};
		A57695141D3C7D43008347B4 /* Build configuration list for PBXNativeTarget "pruebaGit" */ = {
			isa = XCConfigurationList;
			buildConfigurations = (
				A57695151D3C7D43008347B4 /* Debug */,
				A57695161D3C7D43008347B4 /* Release */,
			);
			defaultConfigurationIsVisible = 0;
		};
/* End XCConfigurationList section */

/* Begin XCVersionGroup section */
		A57695091D3C7D43008347B4 /* pruebaGit.xcdatamodeld */ = {
			isa = XCVersionGroup;
			children = (
				A576950A1D3C7D43008347B4 /* pruebaGit.xcdatamodel */,
			);
			currentVersion = A576950A1D3C7D43008347B4 /* pruebaGit.xcdatamodel */;
			path = pruebaGit.xcdatamodeld;
			sourceTree = "<group>";
			versionGroupType = wrapper.xcdatamodel;
		};
/* End XCVersionGroup section */
	};
	rootObject = A57694F71D3C7D43008347B4 /* Project object */;
}
